// !$*UTF8*$!
{
	archiveVersion = 1;
	classes = {
	};
	objectVersion = 77;
	objects = {

/* Begin PBXBuildFile section */
		6E7797F82F724CB500F7E2F1 /* FirebaseAI in Frameworks */ = {isa = PBXBuildFile; productRef = 6E7797F72F724CB500F7E2F1 /* FirebaseAI */; };
		6E7797FA2F724CB500F7E2F1 /* FirebaseAILogic in Frameworks */ = {isa = PBXBuildFile; productRef = 6E7797F92F724CB500F7E2F1 /* FirebaseAILogic */; };
		6E7797FC2F724CB500F7E2F1 /* FirebaseAnalytics in Frameworks */ = {isa = PBXBuildFile; productRef = 6E7797FB2F724CB500F7E2F1 /* FirebaseAnalytics */; };
		6E7797FE2F724CB500F7E2F1 /* FirebaseAnalyticsCore in Frameworks */ = {isa = PBXBuildFile; productRef = 6E7797FD2F724CB500F7E2F1 /* FirebaseAnalyticsCore */; };
		6E7798002F724CB500F7E2F1 /* FirebaseAnalyticsIdentitySupport in Frameworks */ = {isa = PBXBuildFile; productRef = 6E7797FF2F724CB500F7E2F1 /* FirebaseAnalyticsIdentitySupport */; };
		6E7798022F724CB500F7E2F1 /* FirebaseAppCheck in Frameworks */ = {isa = PBXBuildFile; productRef = 6E7798012F724CB500F7E2F1 /* FirebaseAppCheck */; };
		6E7798042F724CB500F7E2F1 /* FirebaseDatabase in Frameworks */ = {isa = PBXBuildFile; productRef = 6E7798032F724CB500F7E2F1 /* FirebaseDatabase */; };
		6E7798062F724CB500F7E2F1 /* FirebaseFirestore in Frameworks */ = {isa = PBXBuildFile; productRef = 6E7798052F724CB500F7E2F1 /* FirebaseFirestore */; };
		6E7798082F724CB500F7E2F1 /* FirebaseFirestoreCombine-Community in Frameworks */ = {isa = PBXBuildFile; productRef = 6E7798072F724CB500F7E2F1 /* FirebaseFirestoreCombine-Community */; };
		6E77980A2F724CB500F7E2F1 /* FirebaseInAppMessaging-Beta in Frameworks */ = {isa = PBXBuildFile; productRef = 6E7798092F724CB500F7E2F1 /* FirebaseInAppMessaging-Beta */; };
		6E77980C2F724CB500F7E2F1 /* FirebaseMessaging in Frameworks */ = {isa = PBXBuildFile; productRef = 6E77980B2F724CB500F7E2F1 /* FirebaseMessaging */; };
		6E77980E2F724CB500F7E2F1 /* FirebaseRemoteConfig in Frameworks */ = {isa = PBXBuildFile; productRef = 6E77980D2F724CB500F7E2F1 /* FirebaseRemoteConfig */; };
		6E7798102F724CB500F7E2F1 /* FirebaseStorage in Frameworks */ = {isa = PBXBuildFile; productRef = 6E77980F2F724CB500F7E2F1 /* FirebaseStorage */; };
		6E7798122F724CB500F7E2F1 /* FirebaseStorageCombine-Community in Frameworks */ = {isa = PBXBuildFile; productRef = 6E7798112F724CB500F7E2F1 /* FirebaseStorageCombine-Community */; };
		6EBFE1072FA55AE200EF8150 /* GoogleMobileAds in Frameworks */ = {isa = PBXBuildFile; productRef = 6EBFE1062FA55AE200EF8150 /* GoogleMobileAds */; };
/* End PBXBuildFile section */

/* Begin PBXContainerItemProxy section */
		6E3138722F392F5A00FFF3C2 /* PBXContainerItemProxy */ = {
			isa = PBXContainerItemProxy;
			containerPortal = 6E3138502F392F5700FFF3C2 /* Project object */;
			proxyType = 1;
			remoteGlobalIDString = 6E3138572F392F5700FFF3C2;
			remoteInfo = WheresTheDot;
		};
		6E31387C2F392F5A00FFF3C2 /* PBXContainerItemProxy */ = {
			isa = PBXContainerItemProxy;
			containerPortal = 6E3138502F392F5700FFF3C2 /* Project object */;
			proxyType = 1;
			remoteGlobalIDString = 6E3138572F392F5700FFF3C2;
			remoteInfo = WheresTheDot;
		};
/* End PBXContainerItemProxy section */

/* Begin PBXFileReference section */
		6E3138582F392F5800FFF3C2 /* WheresTheDot.app */ = {isa = PBXFileReference; explicitFileType = wrapper.application; includeInIndex = 0; path = WheresTheDot.app; sourceTree = BUILT_PRODUCTS_DIR; };
		6E3138712F392F5A00FFF3C2 /* WheresTheDotTests.xctest */ = {isa = PBXFileReference; explicitFileType = wrapper.cfbundle; includeInIndex = 0; path = WheresTheDotTests.xctest; sourceTree = BUILT_PRODUCTS_DIR; };
		6E31387B2F392F5A00FFF3C2 /* WheresTheDotUITests.xctest */ = {isa = PBXFileReference; explicitFileType = wrapper.cfbundle; includeInIndex = 0; path = WheresTheDotUITests.xctest; sourceTree = BUILT_PRODUCTS_DIR; };
/* End PBXFileReference section */

/* Begin PBXFileSystemSynchronizedBuildFileExceptionSet section */
		6EBFE1092FA5696900EF8150 /* Exceptions for "WheresTheDot" folder in "WheresTheDot" target */ = {
			isa = PBXFileSystemSynchronizedBuildFileExceptionSet;
			membershipExceptions = (
				Info.plist,
			);
			target = 6E3138572F392F5700FFF3C2 /* WheresTheDot */;
		};
		6EC26D822F785EB2004DA024 /* Exceptions for "WheresTheDot" folder in "WheresTheDotUITests" target */ = {
			isa = PBXFileSystemSynchronizedBuildFileExceptionSet;
			membershipExceptions = (
				"Supporting Files/GoogleService-Info.plist",
			);
			target = 6E31387A2F392F5A00FFF3C2 /* WheresTheDotUITests */;
		};
/* End PBXFileSystemSynchronizedBuildFileExceptionSet section */

/* Begin PBXFileSystemSynchronizedRootGroup section */
		6E31385A2F392F5800FFF3C2 /* WheresTheDot */ = {
			isa = PBXFileSystemSynchronizedRootGroup;
			exceptions = (
				6EBFE1092FA5696900EF8150 /* Exceptions for "WheresTheDot" folder in "WheresTheDot" target */,
				6EC26D822F785EB2004DA024 /* Exceptions for "WheresTheDot" folder in "WheresTheDotUITests" target */,
			);
			path = WheresTheDot;
			sourceTree = "<group>";
		};
		6E3138742F392F5A00FFF3C2 /* WheresTheDotTests */ = {
			isa = PBXFileSystemSynchronizedRootGroup;
			path = WheresTheDotTests;
			sourceTree = "<group>";
		};
		6E31387E2F392F5A00FFF3C2 /* WheresTheDotUITests */ = {
			isa = PBXFileSystemSynchronizedRootGroup;
			path = WheresTheDotUITests;
			sourceTree = "<group>";
		};
/* End PBXFileSystemSynchronizedRootGroup section */

/* Begin PBXFrameworksBuildPhase section */
		6E3138552F392F5700FFF3C2 /* Frameworks */ = {
			isa = PBXFrameworksBuildPhase;
			buildActionMask = 2147483647;
			files = (
				6E7797FA2F724CB500F7E2F1 /* FirebaseAILogic in Frameworks */,
				6E7798002F724CB500F7E2F1 /* FirebaseAnalyticsIdentitySupport in Frameworks */,
				6E7797F82F724CB500F7E2F1 /* FirebaseAI in Frameworks */,
				6E77980E2F724CB500F7E2F1 /* FirebaseRemoteConfig in Frameworks */,
				6E7798082F724CB500F7E2F1 /* FirebaseFirestoreCombine-Community in Frameworks */,
				6E7797FC2F724CB500F7E2F1 /* FirebaseAnalytics in Frameworks */,
				6E7798022F724CB500F7E2F1 /* FirebaseAppCheck in Frameworks */,
				6E7798062F724CB500F7E2F1 /* FirebaseFirestore in Frameworks */,
				6E7798122F724CB500F7E2F1 /* FirebaseStorageCombine-Community in Frameworks */,
				6E7798102F724CB500F7E2F1 /* FirebaseStorage in Frameworks */,
				6E7798042F724CB500F7E2F1 /* FirebaseDatabase in Frameworks */,
				6E7797FE2F724CB500F7E2F1 /* FirebaseAnalyticsCore in Frameworks */,
				6EBFE1072FA55AE200EF8150 /* GoogleMobileAds in Frameworks */,
				6E77980C2F724CB500F7E2F1 /* FirebaseMessaging in Frameworks */,
				6E77980A2F724CB500F7E2F1 /* FirebaseInAppMessaging-Beta in Frameworks */,
			);
			runOnlyForDeploymentPostprocessing = 0;
		};
		6E31386E2F392F5A00FFF3C2 /* Frameworks */ = {
			isa = PBXFrameworksBuildPhase;
			buildActionMask = 2147483647;
			files = (
			);
			runOnlyForDeploymentPostprocessing = 0;
		};
		6E3138782F392F5A00FFF3C2 /* Frameworks */ = {
			isa = PBXFrameworksBuildPhase;
			buildActionMask = 2147483647;
			files = (
			);
			runOnlyForDeploymentPostprocessing = 0;
		};
/* End PBXFrameworksBuildPhase section */

/* Begin PBXGroup section */
		6E31384F2F392F5700FFF3C2 = {
			isa = PBXGroup;
			children = (
				6E31385A2F392F5800FFF3C2 /* WheresTheDot */,
				6E3138742F392F5A00FFF3C2 /* WheresTheDotTests */,
				6E31387E2F392F5A00FFF3C2 /* WheresTheDotUITests */,
				6E3138592F392F5800FFF3C2 /* Products */,
			);
			sourceTree = "<group>";
		};
		6E3138592F392F5800FFF3C2 /* Products */ = {
			isa = PBXGroup;
			children = (
				6E3138582F392F5800FFF3C2 /* WheresTheDot.app */,
				6E3138712F392F5A00FFF3C2 /* WheresTheDotTests.xctest */,
				6E31387B2F392F5A00FFF3C2 /* WheresTheDotUITests.xctest */,
			);
			name = Products;
			sourceTree = "<group>";
		};
/* End PBXGroup section */

/* Begin PBXNativeTarget section */
		6E3138572F392F5700FFF3C2 /* WheresTheDot */ = {
			isa = PBXNativeTarget;
			buildConfigurationList = 6E3138852F392F5A00FFF3C2 /* Build configuration list for PBXNativeTarget "WheresTheDot" */;
			buildPhases = (
				6E3138542F392F5700FFF3C2 /* Sources */,
				6E3138552F392F5700FFF3C2 /* Frameworks */,
				6E3138562F392F5700FFF3C2 /* Resources */,
			);
			buildRules = (
			);
			dependencies = (
			);
			fileSystemSynchronizedGroups = (
				6E31385A2F392F5800FFF3C2 /* WheresTheDot */,
			);
			name = WheresTheDot;
			packageProductDependencies = (
				6E7797F72F724CB500F7E2F1 /* FirebaseAI */,
				6E7797F92F724CB500F7E2F1 /* FirebaseAILogic */,
				6E7797FB2F724CB500F7E2F1 /* FirebaseAnalytics */,
				6E7797FD2F724CB500F7E2F1 /* FirebaseAnalyticsCore */,
				6E7797FF2F724CB500F7E2F1 /* FirebaseAnalyticsIdentitySupport */,
				6E7798012F724CB500F7E2F1 /* FirebaseAppCheck */,
				6E7798032F724CB500F7E2F1 /* FirebaseDatabase */,
				6E7798052F724CB500F7E2F1 /* FirebaseFirestore */,
				6E7798072F724CB500F7E2F1 /* FirebaseFirestoreCombine-Community */,
				6E7798092F724CB500F7E2F1 /* FirebaseInAppMessaging-Beta */,
				6E77980B2F724CB500F7E2F1 /* FirebaseMessaging */,
				6E77980D2F724CB500F7E2F1 /* FirebaseRemoteConfig */,
				6E77980F2F724CB500F7E2F1 /* FirebaseStorage */,
				6E7798112F724CB500F7E2F1 /* FirebaseStorageCombine-Community */,
				6EBFE1062FA55AE200EF8150 /* GoogleMobileAds */,
			);
			productName = WheresTheDot;
			productReference = 6E3138582F392F5800FFF3C2 /* WheresTheDot.app */;
			productType = "com.apple.product-type.application";
		};
		6E3138702F392F5A00FFF3C2 /* WheresTheDotTests */ = {
			isa = PBXNativeTarget;
			buildConfigurationList = 6E3138882F392F5A00FFF3C2 /* Build configuration list for PBXNativeTarget "WheresTheDotTests" */;
			buildPhases = (
				6E31386D2F392F5A00FFF3C2 /* Sources */,
				6E31386E2F392F5A00FFF3C2 /* Frameworks */,
				6E31386F2F392F5A00FFF3C2 /* Resources */,
			);
			buildRules = (
			);
			dependencies = (
				6E3138732F392F5A00FFF3C2 /* PBXTargetDependency */,
			);
			fileSystemSynchronizedGroups = (
				6E3138742F392F5A00FFF3C2 /* WheresTheDotTests */,
			);
			name = WheresTheDotTests;
			packageProductDependencies = (
			);
			productName = WheresTheDotTests;
			productReference = 6E3138712F392F5A00FFF3C2 /* WheresTheDotTests.xctest */;
			productType = "com.apple.product-type.bundle.unit-test";
		};
		6E31387A2F392F5A00FFF3C2 /* WheresTheDotUITests */ = {
			isa = PBXNativeTarget;
			buildConfigurationList = 6E31388B2F392F5A00FFF3C2 /* Build configuration list for PBXNativeTarget "WheresTheDotUITests" */;
			buildPhases = (
				6E3138772F392F5A00FFF3C2 /* Sources */,
				6E3138782F392F5A00FFF3C2 /* Frameworks */,
				6E3138792F392F5A00FFF3C2 /* Resources */,
			);
			buildRules = (
			);
			dependencies = (
				6E31387D2F392F5A00FFF3C2 /* PBXTargetDependency */,
			);
			fileSystemSynchronizedGroups = (
				6E31387E2F392F5A00FFF3C2 /* WheresTheDotUITests */,
			);
			name = WheresTheDotUITests;
			packageProductDependencies = (
			);
			productName = WheresTheDotUITests;
			productReference = 6E31387B2F392F5A00FFF3C2 /* WheresTheDotUITests.xctest */;
			productType = "com.apple.product-type.bundle.ui-testing";
		};
/* End PBXNativeTarget section */

/* Begin PBXProject section */
		6E3138502F392F5700FFF3C2 /* Project object */ = {
			isa = PBXProject;
			attributes = {
				BuildIndependentTargetsInParallel = 1;
				LastSwiftUpdateCheck = 2620;
				LastUpgradeCheck = 2620;
				TargetAttributes = {
					6E3138572F392F5700FFF3C2 = {
						CreatedOnToolsVersion = 26.2;
					};
					6E3138702F392F5A00FFF3C2 = {
						CreatedOnToolsVersion = 26.2;
						TestTargetID = 6E3138572F392F5700FFF3C2;
					};
					6E31387A2F392F5A00FFF3C2 = {
						CreatedOnToolsVersion = 26.2;
						TestTargetID = 6E3138572F392F5700FFF3C2;
					};
				};
			};
			buildConfigurationList = 6E3138532F392F5700FFF3C2 /* Build configuration list for PBXProject "WheresTheDot" */;
			developmentRegion = en;
			hasScannedForEncodings = 0;
			knownRegions = (
				en,
				Base,
				es,
				"es-419",
			);
			mainGroup = 6E31384F2F392F5700FFF3C2;
			minimizedProjectReferenceProxies = 1;
			packageReferences = (
				6E7797F62F724CB500F7E2F1 /* XCRemoteSwiftPackageReference "firebase-ios-sdk" */,
				6EBFE1052FA55AE200EF8150 /* XCRemoteSwiftPackageReference "swift-package-manager-google-mobile-ads" */,
			);
			preferredProjectObjectVersion = 77;
			productRefGroup = 6E3138592F392F5800FFF3C2 /* Products */;
			projectDirPath = "";
			projectRoot = "";
			targets = (
				6E3138572F392F5700FFF3C2 /* WheresTheDot */,
				6E3138702F392F5A00FFF3C2 /* WheresTheDotTests */,
				6E31387A2F392F5A00FFF3C2 /* WheresTheDotUITests */,
			);
		};
/* End PBXProject section */

/* Begin PBXResourcesBuildPhase section */
		6E3138562F392F5700FFF3C2 /* Resources */ = {
			isa = PBXResourcesBuildPhase;
			buildActionMask = 2147483647;
			files = (
			);
			runOnlyForDeploymentPostprocessing = 0;
		};
		6E31386F2F392F5A00FFF3C2 /* Resources */ = {
			isa = PBXResourcesBuildPhase;
			buildActionMask = 2147483647;
			files = (
			);
			runOnlyForDeploymentPostprocessing = 0;
		};
		6E3138792F392F5A00FFF3C2 /* Resources */ = {
			isa = PBXResourcesBuildPhase;
			buildActionMask = 2147483647;
			files = (
			);
			runOnlyForDeploymentPostprocessing = 0;
		};
/* End PBXResourcesBuildPhase section */

/* Begin PBXSourcesBuildPhase section */
		6E3138542F392F5700FFF3C2 /* Sources */ = {
			isa = PBXSourcesBuildPhase;
			buildActionMask = 2147483647;
			files = (
			);
			runOnlyForDeploymentPostprocessing = 0;
		};
		6E31386D2F392F5A00FFF3C2 /* Sources */ = {
			isa = PBXSourcesBuildPhase;
			buildActionMask = 2147483647;
			files = (
			);
			runOnlyForDeploymentPostprocessing = 0;
		};
		6E3138772F392F5A00FFF3C2 /* Sources */ = {
			isa = PBXSourcesBuildPhase;
			buildActionMask = 2147483647;
			files = (
			);
			runOnlyForDeploymentPostprocessing = 0;
		};
/* End PBXSourcesBuildPhase section */

/* Begin PBXTargetDependency section */
		6E3138732F392F5A00FFF3C2 /* PBXTargetDependency */ = {
			isa = PBXTargetDependency;
			target = 6E3138572F392F5700FFF3C2 /* WheresTheDot */;
			targetProxy = 6E3138722F392F5A00FFF3C2 /* PBXContainerItemProxy */;
		};
		6E31387D2F392F5A00FFF3C2 /* PBXTargetDependency */ = {
			isa = PBXTargetDependency;
			target = 6E3138572F392F5700FFF3C2 /* WheresTheDot */;
			targetProxy = 6E31387C2F392F5A00FFF3C2 /* PBXContainerItemProxy */;
		};
/* End PBXTargetDependency section */

/* Begin XCBuildConfiguration section */
		6E3138832F392F5A00FFF3C2 /* Debug */ = {
			isa = XCBuildConfiguration;
			buildSettings = {
				ALWAYS_SEARCH_USER_PATHS = NO;
				ASSETCATALOG_COMPILER_GENERATE_SWIFT_ASSET_SYMBOL_EXTENSIONS = YES;
				CLANG_ANALYZER_NONNULL = YES;
				CLANG_ANALYZER_NUMBER_OBJECT_CONVERSION = YES_AGGRESSIVE;
				CLANG_CXX_LANGUAGE_STANDARD = "gnu++20";
				CLANG_ENABLE_MODULES = YES;
				CLANG_ENABLE_OBJC_ARC = YES;
				CLANG_ENABLE_OBJC_WEAK = YES;
				CLANG_WARN_BLOCK_CAPTURE_AUTORELEASING = YES;
				CLANG_WARN_BOOL_CONVERSION = YES;
				CLANG_WARN_COMMA = YES;
				CLANG_WARN_CONSTANT_CONVERSION = YES;
				CLANG_WARN_DEPRECATED_OBJC_IMPLEMENTATIONS = YES;
				CLANG_WARN_DIRECT_OBJC_ISA_USAGE = YES_ERROR;
				CLANG_WARN_DOCUMENTATION_COMMENTS = YES;
				CLANG_WARN_EMPTY_BODY = YES;
				CLANG_WARN_ENUM_CONVERSION = YES;
				CLANG_WARN_INFINITE_RECURSION = YES;
				CLANG_WARN_INT_CONVERSION = YES;
				CLANG_WARN_NON_LITERAL_NULL_CONVERSION = YES;
				CLANG_WARN_OBJC_IMPLICIT_RETAIN_SELF = YES;
				CLANG_WARN_OBJC_LITERAL_CONVERSION = YES;
				CLANG_WARN_OBJC_ROOT_CLASS = YES_ERROR;
				CLANG_WARN_QUOTED_INCLUDE_IN_FRAMEWORK_HEADER = YES;
				CLANG_WARN_RANGE_LOOP_ANALYSIS = YES;
				CLANG_WARN_STRICT_PROTOTYPES = YES;
				CLANG_WARN_SUSPICIOUS_MOVE = YES;
				CLANG_WARN_UNGUARDED_AVAILABILITY = YES_AGGRESSIVE;
				CLANG_WARN_UNREACHABLE_CODE = YES;
				CLANG_WARN__DUPLICATE_METHOD_MATCH = YES;
				COPY_PHASE_STRIP = NO;
				DEBUG_INFORMATION_FORMAT = dwarf;
				DEVELOPMENT_TEAM = 49VFMFM852;
				ENABLE_STRICT_OBJC_MSGSEND = YES;
				ENABLE_TESTABILITY = YES;
				ENABLE_USER_SCRIPT_SANDBOXING = YES;
				GCC_C_LANGUAGE_STANDARD = gnu17;
				GCC_DYNAMIC_NO_PIC = NO;
				GCC_NO_COMMON_BLOCKS = YES;
				GCC_OPTIMIZATION_LEVEL = 0;
				GCC_PREPROCESSOR_DEFINITIONS = (
					"DEBUG=1",
					"$(inherited)",
				);
				GCC_WARN_64_TO_32_BIT_CONVERSION = YES;
				GCC_WARN_ABOUT_RETURN_TYPE = YES_ERROR;
				GCC_WARN_UNDECLARED_SELECTOR = YES;
				GCC_WARN_UNINITIALIZED_AUTOS = YES_AGGRESSIVE;
				GCC_WARN_UNUSED_FUNCTION = YES;
				GCC_WARN_UNUSED_VARIABLE = YES;
				IPHONEOS_DEPLOYMENT_TARGET = 26.2;
				LOCALIZATION_PREFERS_STRING_CATALOGS = YES;
				MTL_ENABLE_DEBUG_INFO = INCLUDE_SOURCE;
				MTL_FAST_MATH = YES;
				ONLY_ACTIVE_ARCH = YES;
				SDKROOT = iphoneos;
				SWIFT_ACTIVE_COMPILATION_CONDITIONS = "DEBUG $(inherited)";
				SWIFT_EMIT_LOC_STRINGS = YES;
				SWIFT_OPTIMIZATION_LEVEL = "-Onone";
			};
			name = Debug;
		};
		6E3138842F392F5A00FFF3C2 /* Release */ = {
			isa = XCBuildConfiguration;
			buildSettings = {
				ALWAYS_SEARCH_USER_PATHS = NO;
				ASSETCATALOG_COMPILER_GENERATE_SWIFT_ASSET_SYMBOL_EXTENSIONS = YES;
				CLANG_ANALYZER_NONNULL = YES;
				CLANG_ANALYZER_NUMBER_OBJECT_CONVERSION = YES_AGGRESSIVE;
				CLANG_CXX_LANGUAGE_STANDARD = "gnu++20";
				CLANG_ENABLE_MODULES = YES;
				CLANG_ENABLE_OBJC_ARC = YES;
				CLANG_ENABLE_OBJC_WEAK = YES;
				CLANG_WARN_BLOCK_CAPTURE_AUTORELEASING = YES;
				CLANG_WARN_BOOL_CONVERSION = YES;
				CLANG_WARN_COMMA = YES;
				CLANG_WARN_CONSTANT_CONVERSION = YES;
				CLANG_WARN_DEPRECATED_OBJC_IMPLEMENTATIONS = YES;
				CLANG_WARN_DIRECT_OBJC_ISA_USAGE = YES_ERROR;
				CLANG_WARN_DOCUMENTATION_COMMENTS = YES;
				CLANG_WARN_EMPTY_BODY = YES;
				CLANG_WARN_ENUM_CONVERSION = YES;
				CLANG_WARN_INFINITE_RECURSION = YES;
				CLANG_WARN_INT_CONVERSION = YES;
				CLANG_WARN_NON_LITERAL_NULL_CONVERSION = YES;
				CLANG_WARN_OBJC_IMPLICIT_RETAIN_SELF = YES;
				CLANG_WARN_OBJC_LITERAL_CONVERSION = YES;
				CLANG_WARN_OBJC_ROOT_CLASS = YES_ERROR;
				CLANG_WARN_QUOTED_INCLUDE_IN_FRAMEWORK_HEADER = YES;
				CLANG_WARN_RANGE_LOOP_ANALYSIS = YES;
				CLANG_WARN_STRICT_PROTOTYPES = YES;
				CLANG_WARN_SUSPICIOUS_MOVE = YES;
				CLANG_WARN_UNGUARDED_AVAILABILITY = YES_AGGRESSIVE;
				CLANG_WARN_UNREACHABLE_CODE = YES;
				CLANG_WARN__DUPLICATE_METHOD_MATCH = YES;
				COPY_PHASE_STRIP = NO;
				DEBUG_INFORMATION_FORMAT = "dwarf-with-dsym";
				DEVELOPMENT_TEAM = 49VFMFM852;
				ENABLE_NS_ASSERTIONS = NO;
				ENABLE_STRICT_OBJC_MSGSEND = YES;
				ENABLE_USER_SCRIPT_SANDBOXING = YES;
				GCC_C_LANGUAGE_STANDARD = gnu17;
				GCC_NO_COMMON_BLOCKS = YES;
				GCC_WARN_64_TO_32_BIT_CONVERSION = YES;
				GCC_WARN_ABOUT_RETURN_TYPE = YES_ERROR;
				GCC_WARN_UNDECLARED_SELECTOR = YES;
				GCC_WARN_UNINITIALIZED_AUTOS = YES_AGGRESSIVE;
				GCC_WARN_UNUSED_FUNCTION = YES;
				GCC_WARN_UNUSED_VARIABLE = YES;
				IPHONEOS_DEPLOYMENT_TARGET = 26.2;
				LOCALIZATION_PREFERS_STRING_CATALOGS = YES;
				MTL_ENABLE_DEBUG_INFO = NO;
				MTL_FAST_MATH = YES;
				SDKROOT = iphoneos;
				SWIFT_COMPILATION_MODE = wholemodule;
				SWIFT_EMIT_LOC_STRINGS = YES;
				VALIDATE_PRODUCT = YES;
			};
			name = Release;
		};
		6E3138862F392F5A00FFF3C2 /* Debug */ = {
			isa = XCBuildConfiguration;
			buildSettings = {
				ASSETCATALOG_COMPILER_APPICON_NAME = AppIcon;
				ASSETCATALOG_COMPILER_GLOBAL_ACCENT_COLOR_NAME = AccentColor;
				CODE_SIGN_ENTITLEMENTS = WheresTheDot/WheresTheDotRelease.entitlements;
				CODE_SIGN_STYLE = Automatic;
				CURRENT_PROJECT_VERSION = 10;
				DEVELOPMENT_TEAM = 49VFMFM852;
				GENERATE_INFOPLIST_FILE = YES;
				INFOPLIST_FILE = WheresTheDot/Info.plist;
				INFOPLIST_KEY_CFBundleDisplayName = "Last Dot";
				INFOPLIST_KEY_LSApplicationCategoryType = "public.app-category.arcade-games";
				INFOPLIST_KEY_UIApplicationSupportsIndirectInputEvents = YES;
				INFOPLIST_KEY_UILaunchStoryboardName = LaunchScreen;
				INFOPLIST_KEY_UIStatusBarHidden = YES;
				INFOPLIST_KEY_UISupportedInterfaceOrientations = UIInterfaceOrientationPortrait;
				INFOPLIST_KEY_UISupportedInterfaceOrientations_iPad = "UIInterfaceOrientationLandscapeLeft UIInterfaceOrientationLandscapeRight UIInterfaceOrientationPortrait UIInterfaceOrientationPortraitUpsideDown";
				LD_RUNPATH_SEARCH_PATHS = (
					"$(inherited)",
					"@executable_path/Frameworks",
				);
				MARKETING_VERSION = 1.1.1;
				PRODUCT_BUNDLE_IDENTIFIER = com.optionalsankur.Dotto;
				PRODUCT_NAME = "$(TARGET_NAME)";
				STRING_CATALOG_GENERATE_SYMBOLS = YES;
				SWIFT_APPROACHABLE_CONCURRENCY = YES;
				SWIFT_DEFAULT_ACTOR_ISOLATION = MainActor;
				SWIFT_EMIT_LOC_STRINGS = YES;
				SWIFT_UPCOMING_FEATURE_MEMBER_IMPORT_VISIBILITY = YES;
				SWIFT_VERSION = 5.0;
				TARGETED_DEVICE_FAMILY = "1,2";
			};
			name = Debug;
		};
		6E3138872F392F5A00FFF3C2 /* Release */ = {
			isa = XCBuildConfiguration;
			buildSettings = {
				ASSETCATALOG_COMPILER_APPICON_NAME = AppIcon;
				ASSETCATALOG_COMPILER_GLOBAL_ACCENT_COLOR_NAME = AccentColor;
				CODE_SIGN_ENTITLEMENTS = WheresTheDot/WheresTheDotRelease.entitlements;
				"CODE_SIGN_IDENTITY[sdk=iphoneos*]" = "iPhone Developer";
				CODE_SIGN_STYLE = Manual;
				CURRENT_PROJECT_VERSION = 10;
				DEVELOPMENT_TEAM = "";
				"DEVELOPMENT_TEAM[sdk=iphoneos*]" = 49VFMFM852;
				GENERATE_INFOPLIST_FILE = YES;
				INFOPLIST_FILE = WheresTheDot/Info.plist;
				INFOPLIST_KEY_CFBundleDisplayName = "Last Dot";
				INFOPLIST_KEY_LSApplicationCategoryType = "public.app-category.arcade-games";
				INFOPLIST_KEY_UIApplicationSupportsIndirectInputEvents = YES;
				INFOPLIST_KEY_UILaunchStoryboardName = LaunchScreen;
				INFOPLIST_KEY_UIStatusBarHidden = YES;
				INFOPLIST_KEY_UISupportedInterfaceOrientations = UIInterfaceOrientationPortrait;
				INFOPLIST_KEY_UISupportedInterfaceOrientations_iPad = "UIInterfaceOrientationLandscapeLeft UIInterfaceOrientationLandscapeRight UIInterfaceOrientationPortrait UIInterfaceOrientationPortraitUpsideDown";
				LD_RUNPATH_SEARCH_PATHS = (
					"$(inherited)",
					"@executable_path/Frameworks",
				);
				MARKETING_VERSION = 1.1.1;
				PRODUCT_BUNDLE_IDENTIFIER = com.optionalsankur.Dotto;
				PRODUCT_NAME = "$(TARGET_NAME)";
				PROVISIONING_PROFILE_SPECIFIER = "";
				"PROVISIONING_PROFILE_SPECIFIER[sdk=iphoneos*]" = "Dotto Development";
				STRING_CATALOG_GENERATE_SYMBOLS = YES;
				SWIFT_APPROACHABLE_CONCURRENCY = YES;
				SWIFT_DEFAULT_ACTOR_ISOLATION = MainActor;
				SWIFT_EMIT_LOC_STRINGS = YES;
				SWIFT_UPCOMING_FEATURE_MEMBER_IMPORT_VISIBILITY = YES;
				SWIFT_VERSION = 5.0;
				TARGETED_DEVICE_FAMILY = "1,2";
			};
			name = Release;
		};
		6E3138892F392F5A00FFF3C2 /* Debug */ = {
			isa = XCBuildConfiguration;
			buildSettings = {
				BUNDLE_LOADER = "$(TEST_HOST)";
				CODE_SIGN_STYLE = Automatic;
				CURRENT_PROJECT_VERSION = 1;
				DEVELOPMENT_TEAM = 49VFMFM852;
				GENERATE_INFOPLIST_FILE = YES;
				IPHONEOS_DEPLOYMENT_TARGET = 26.2;
				MARKETING_VERSION = 1.0;
				PRODUCT_BUNDLE_IDENTIFIER = com.optionalsankur.DottoTests;
				PRODUCT_NAME = "$(TARGET_NAME)";
				STRING_CATALOG_GENERATE_SYMBOLS = NO;
				SWIFT_APPROACHABLE_CONCURRENCY = YES;
				SWIFT_EMIT_LOC_STRINGS = NO;
				SWIFT_UPCOMING_FEATURE_MEMBER_IMPORT_VISIBILITY = YES;
				SWIFT_VERSION = 5.0;
				TARGETED_DEVICE_FAMILY = "1,2";
				TEST_HOST = "$(BUILT_PRODUCTS_DIR)/WheresTheDot.app/$(BUNDLE_EXECUTABLE_FOLDER_PATH)/WheresTheDot";
			};
			name = Debug;
		};
		6E31388A2F392F5A00FFF3C2 /* Release */ = {
			isa = XCBuildConfiguration;
			buildSettings = {
				BUNDLE_LOADER = "$(TEST_HOST)";
				CODE_SIGN_STYLE = Automatic;
				CURRENT_PROJECT_VERSION = 1;
				DEVELOPMENT_TEAM = 49VFMFM852;
				GENERATE_INFOPLIST_FILE = YES;
				IPHONEOS_DEPLOYMENT_TARGET = 26.2;
				MARKETING_VERSION = 1.0;
				PRODUCT_BUNDLE_IDENTIFIER = com.optionalsankur.DottoTests;
				PRODUCT_NAME = "$(TARGET_NAME)";
				STRING_CATALOG_GENERATE_SYMBOLS = NO;
				SWIFT_APPROACHABLE_CONCURRENCY = YES;
				SWIFT_EMIT_LOC_STRINGS = NO;
				SWIFT_UPCOMING_FEATURE_MEMBER_IMPORT_VISIBILITY = YES;
				SWIFT_VERSION = 5.0;
				TARGETED_DEVICE_FAMILY = "1,2";
				TEST_HOST = "$(BUILT_PRODUCTS_DIR)/WheresTheDot.app/$(BUNDLE_EXECUTABLE_FOLDER_PATH)/WheresTheDot";
			};
			name = Release;
		};
		6E31388C2F392F5A00FFF3C2 /* Debug */ = {
			isa = XCBuildConfiguration;
			buildSettings = {
				CODE_SIGN_STYLE = Automatic;
				CURRENT_PROJECT_VERSION = 1;
				DEVELOPMENT_TEAM = 49VFMFM852;
				GENERATE_INFOPLIST_FILE = YES;
				MARKETING_VERSION = 1.0;
				PRODUCT_BUNDLE_IDENTIFIER = com.optionalsankur.DottoTests;
				PRODUCT_NAME = "$(TARGET_NAME)";
				STRING_CATALOG_GENERATE_SYMBOLS = NO;
				SWIFT_APPROACHABLE_CONCURRENCY = YES;
				SWIFT_EMIT_LOC_STRINGS = NO;
				SWIFT_UPCOMING_FEATURE_MEMBER_IMPORT_VISIBILITY = YES;
				SWIFT_VERSION = 5.0;
				TARGETED_DEVICE_FAMILY = "1,2";
				TEST_TARGET_NAME = WheresTheDot;
			};
			name = Debug;
		};
		6E31388D2F392F5A00FFF3C2 /* Release */ = {
			isa = XCBuildConfiguration;
			buildSettings = {
				CODE_SIGN_STYLE = Automatic;
				CURRENT_PROJECT_VERSION = 1;
				DEVELOPMENT_TEAM = 49VFMFM852;
				GENERATE_INFOPLIST_FILE = YES;
				MARKETING_VERSION = 1.0;
				PRODUCT_BUNDLE_IDENTIFIER = com.optionalsankur.DottoTests;
				PRODUCT_NAME = "$(TARGET_NAME)";
				STRING_CATALOG_GENERATE_SYMBOLS = NO;
				SWIFT_APPROACHABLE_CONCURRENCY = YES;
				SWIFT_EMIT_LOC_STRINGS = NO;
				SWIFT_UPCOMING_FEATURE_MEMBER_IMPORT_VISIBILITY = YES;
				SWIFT_VERSION = 5.0;
				TARGETED_DEVICE_FAMILY = "1,2";
				TEST_TARGET_NAME = WheresTheDot;
			};
			name = Release;
		};
/* End XCBuildConfiguration section */

/* Begin XCConfigurationList section */
		6E3138532F392F5700FFF3C2 /* Build configuration list for PBXProject "WheresTheDot" */ = {
			isa = XCConfigurationList;
			buildConfigurations = (
				6E3138832F392F5A00FFF3C2 /* Debug */,
				6E3138842F392F5A00FFF3C2 /* Release */,
			);
			defaultConfigurationIsVisible = 0;
			defaultConfigurationName = Release;
		};
		6E3138852F392F5A00FFF3C2 /* Build configuration list for PBXNativeTarget "WheresTheDot" */ = {
			isa = XCConfigurationList;
			buildConfigurations = (
				6E3138862F392F5A00FFF3C2 /* Debug */,
				6E3138872F392F5A00FFF3C2 /* Release */,
			);
			defaultConfigurationIsVisible = 0;
			defaultConfigurationName = Release;
		};
		6E3138882F392F5A00FFF3C2 /* Build configuration list for PBXNativeTarget "WheresTheDotTests" */ = {
			isa = XCConfigurationList;
			buildConfigurations = (
				6E3138892F392F5A00FFF3C2 /* Debug */,
				6E31388A2F392F5A00FFF3C2 /* Release */,
			);
			defaultConfigurationIsVisible = 0;
			defaultConfigurationName = Release;
		};
		6E31388B2F392F5A00FFF3C2 /* Build configuration list for PBXNativeTarget "WheresTheDotUITests" */ = {
			isa = XCConfigurationList;
			buildConfigurations = (
				6E31388C2F392F5A00FFF3C2 /* Debug */,
				6E31388D2F392F5A00FFF3C2 /* Release */,
			);
			defaultConfigurationIsVisible = 0;
			defaultConfigurationName = Release;
		};
/* End XCConfigurationList section */

/* Begin XCRemoteSwiftPackageReference section */
		6E7797F62F724CB500F7E2F1 /* XCRemoteSwiftPackageReference "firebase-ios-sdk" */ = {
			isa = XCRemoteSwiftPackageReference;
			repositoryURL = "https://github.com/firebase/firebase-ios-sdk";
			requirement = {
				kind = upToNextMajorVersion;
				minimumVersion = 12.11.0;
			};
		};
		6EBFE1052FA55AE200EF8150 /* XCRemoteSwiftPackageReference "swift-package-manager-google-mobile-ads" */ = {
			isa = XCRemoteSwiftPackageReference;
			repositoryURL = "https://github.com/googleads/swift-package-manager-google-mobile-ads.git";
			requirement = {
				kind = upToNextMajorVersion;
				minimumVersion = 13.3.0;
			};
		};
/* End XCRemoteSwiftPackageReference section */

/* Begin XCSwiftPackageProductDependency section */
		6E7797F72F724CB500F7E2F1 /* FirebaseAI */ = {
			isa = XCSwiftPackageProductDependency;
			package = 6E7797F62F724CB500F7E2F1 /* XCRemoteSwiftPackageReference "firebase-ios-sdk" */;
			productName = FirebaseAI;
		};
		6E7797F92F724CB500F7E2F1 /* FirebaseAILogic */ = {
			isa = XCSwiftPackageProductDependency;
			package = 6E7797F62F724CB500F7E2F1 /* XCRemoteSwiftPackageReference "firebase-ios-sdk" */;
			productName = FirebaseAILogic;
		};
		6E7797FB2F724CB500F7E2F1 /* FirebaseAnalytics */ = {
			isa = XCSwiftPackageProductDependency;
			package = 6E7797F62F724CB500F7E2F1 /* XCRemoteSwiftPackageReference "firebase-ios-sdk" */;
			productName = FirebaseAnalytics;
		};
		6E7797FD2F724CB500F7E2F1 /* FirebaseAnalyticsCore */ = {
			isa = XCSwiftPackageProductDependency;
			package = 6E7797F62F724CB500F7E2F1 /* XCRemoteSwiftPackageReference "firebase-ios-sdk" */;
			productName = FirebaseAnalyticsCore;
		};
		6E7797FF2F724CB500F7E2F1 /* FirebaseAnalyticsIdentitySupport */ = {
			isa = XCSwiftPackageProductDependency;
			package = 6E7797F62F724CB500F7E2F1 /* XCRemoteSwiftPackageReference "firebase-ios-sdk" */;
			productName = FirebaseAnalyticsIdentitySupport;
		};
		6E7798012F724CB500F7E2F1 /* FirebaseAppCheck */ = {
			isa = XCSwiftPackageProductDependency;
			package = 6E7797F62F724CB500F7E2F1 /* XCRemoteSwiftPackageReference "firebase-ios-sdk" */;
			productName = FirebaseAppCheck;
		};
		6E7798032F724CB500F7E2F1 /* FirebaseDatabase */ = {
			isa = XCSwiftPackageProductDependency;
			package = 6E7797F62F724CB500F7E2F1 /* XCRemoteSwiftPackageReference "firebase-ios-sdk" */;
			productName = FirebaseDatabase;
		};
		6E7798052F724CB500F7E2F1 /* FirebaseFirestore */ = {
			isa = XCSwiftPackageProductDependency;
			package = 6E7797F62F724CB500F7E2F1 /* XCRemoteSwiftPackageReference "firebase-ios-sdk" */;
			productName = FirebaseFirestore;
		};
		6E7798072F724CB500F7E2F1 /* FirebaseFirestoreCombine-Community */ = {
			isa = XCSwiftPackageProductDependency;
			package = 6E7797F62F724CB500F7E2F1 /* XCRemoteSwiftPackageReference "firebase-ios-sdk" */;
			productName = "FirebaseFirestoreCombine-Community";
		};
		6E7798092F724CB500F7E2F1 /* FirebaseInAppMessaging-Beta */ = {
			isa = XCSwiftPackageProductDependency;
			package = 6E7797F62F724CB500F7E2F1 /* XCRemoteSwiftPackageReference "firebase-ios-sdk" */;
			productName = "FirebaseInAppMessaging-Beta";
		};
		6E77980B2F724CB500F7E2F1 /* FirebaseMessaging */ = {
			isa = XCSwiftPackageProductDependency;
			package = 6E7797F62F724CB500F7E2F1 /* XCRemoteSwiftPackageReference "firebase-ios-sdk" */;
			productName = FirebaseMessaging;
		};
		6E77980D2F724CB500F7E2F1 /* FirebaseRemoteConfig */ = {
			isa = XCSwiftPackageProductDependency;
			package = 6E7797F62F724CB500F7E2F1 /* XCRemoteSwiftPackageReference "firebase-ios-sdk" */;
			productName = FirebaseRemoteConfig;
		};
		6E77980F2F724CB500F7E2F1 /* FirebaseStorage */ = {
			isa = XCSwiftPackageProductDependency;
			package = 6E7797F62F724CB500F7E2F1 /* XCRemoteSwiftPackageReference "firebase-ios-sdk" */;
			productName = FirebaseStorage;
		};
		6E7798112F724CB500F7E2F1 /* FirebaseStorageCombine-Community */ = {
			isa = XCSwiftPackageProductDependency;
			package = 6E7797F62F724CB500F7E2F1 /* XCRemoteSwiftPackageReference "firebase-ios-sdk" */;
			productName = "FirebaseStorageCombine-Community";
		};
		6EBFE1062FA55AE200EF8150 /* GoogleMobileAds */ = {
			isa = XCSwiftPackageProductDependency;
			package = 6EBFE1052FA55AE200EF8150 /* XCRemoteSwiftPackageReference "swift-package-manager-google-mobile-ads" */;
			productName = GoogleMobileAds;
		};
/* End XCSwiftPackageProductDependency section */
	};
	rootObject = 6E3138502F392F5700FFF3C2 /* Project object */;
}
